{
  "name": "workbench",
  "lockfileVersion": 3,
  "requires": true,
  "packages": {
    "": {
      "devDependencies": {
        "@alpinejs/persist": "^3.14",
        "alpinejs": "^3.14",
        "bun": "^1.1.30",
        "lodash": "^4.17"
      }
    },
    "node_modules/@alpinejs/persist": {
      "version": "3.14.1",
      "resolved": "https://registry.npmjs.org/@alpinejs/persist/-/persist-3.14.1.tgz",
      "integrity": "sha512-odlZ6RZRcysaIdbhcbvuxRmq1wXlKWytjsfgz4U45vZbozU/WcTDkWbyyHjnrbMWgFIsS/jRiohtJuXN0js7PA==",
      "dev": true,
      "license": "MIT"
    },
    "node_modules/@oven/bun-darwin-aarch64": {
      "version": "1.1.30",
      "resolved": "https://registry.npmjs.org/@oven/bun-darwin-aarch64/-/bun-darwin-aarch64-1.1.30.tgz",
      "integrity": "sha512-D07QioP+QXlouvIqQIS+7r2zq4lTNd6he79rhKsRQRZGFf9i3NPu87zspUpCaFEu//DZ35DYTt+5anQpAzpoxA==",
      "cpu": [
        "arm64"
      ],
      "dev": true,
      "license": "MIT",
      "optional": true,
      "os": [
        "darwin"
      ]
    },
    "node_modules/@oven/bun-darwin-x64": {
      "version": "1.1.30",
      "resolved": "https://registry.npmjs.org/@oven/bun-darwin-x64/-/bun-darwin-x64-1.1.30.tgz",
      "integrity": "sha512-xZ4gTehS6QwN6bsJfDycCNneKoUMaFUQhQg24bJzXS4JPDxeKg1W7PS5AE+U9apz5Dx6//+D4RwVpAPG2LXt0w==",
      "cpu": [
        "x64"
      ],
      "dev": true,
      "license": "MIT",
      "optional": true,
      "os": [
        "darwin"
      ]
    },
    "node_modules/@oven/bun-darwin-x64-baseline": {
      "version": "1.1.30",
      "resolved": "https://registry.npmjs.org/@oven/bun-darwin-x64-baseline/-/bun-darwin-x64-baseline-1.1.30.tgz",
      "integrity": "sha512-1kFUCxHx7WuEbLDmqm0m2UKBd3S4Ln6qKQ4gxU4umMLFkmvDJn6PszDruFInxGKFLoTAmbXNYNVWkkG/ekt/Lg==",
      "cpu": [
        "x64"
      ],
      "dev": true,
      "license": "MIT",
      "optional": true,
      "os": [
        "darwin"
      ]
    },
    "node_modules/@oven/bun-linux-aarch64": {
      "version": "1.1.30",
      "resolved": "https://registry.npmjs.org/@oven/bun-linux-aarch64/-/bun-linux-aarch64-1.1.30.tgz",
      "integrity": "sha512-SfHHLlph6fptDXyyChcUkeDbEZr2ww1p2BucV6OrvzwTOPi8pVmXA4360YT8ggR/3AHPp4GO36VaD+FU2Ocbxw==",
      "cpu": [
        "arm64"
      ],
      "dev": true,
      "license": "MIT",
      "optional": true,
      "os": [
        "linux"
      ]
    },
    "node_modules/@oven/bun-linux-x64": {
      "version": "1.1.30",
      "resolved": "https://registry.npmjs.org/@oven/bun-linux-x64/-/bun-linux-x64-1.1.30.tgz",
      "integrity": "sha512-1mC39jQSaECytEKAZdCZmv3ZreMsp7aoxnBwmJtVd2Z7urnw17PKi4dKkZd/R+AubsNYtXtW4jeM8SEa5sUJRw==",
      "cpu": [
        "x64"
      ],
      "dev": true,
      "license": "MIT",
      "optional": true,
      "os": [
        "linux"
      ]
    },
    "node_modules/@oven/bun-linux-x64-baseline": {
      "version": "1.1.30",
      "resolved": "https://registry.npmjs.org/@oven/bun-linux-x64-baseline/-/bun-linux-x64-baseline-1.1.30.tgz",
      "integrity": "sha512-/b/VuNOaAYmsVk9MvfwKcCYARJPUg78hebxNyD5DSajAf3dqtUSnf7QYcq/3mxWH++N+gM7uRTrGksGS63+ZUw==",
      "cpu": [
        "x64"
      ],
      "dev": true,
      "license": "MIT",
      "optional": true,
      "os": [
        "linux"
      ]
    },
    "node_modules/@oven/bun-windows-x64": {
      "version": "1.1.30",
      "resolved": "https://registry.npmjs.org/@oven/bun-windows-x64/-/bun-windows-x64-1.1.30.tgz",
      "integrity": "sha512-mdRjNtD9NIA8CiH6N1zrIVE6oAtDko/c29H1s00UA+5O/WhXhg95G8IyInD8hN3vAEz8H2lGBgLG2EGfSFxnGg==",
      "cpu": [
        "x64"
      ],
      "dev": true,
      "license": "MIT",
      "optional": true,
      "os": [
        "win32"
      ]
    },
    "node_modules/@oven/bun-windows-x64-baseline": {
      "version": "1.1.30",
      "resolved": "https://registry.npmjs.org/@oven/bun-windows-x64-baseline/-/bun-windows-x64-baseline-1.1.30.tgz",
      "integrity": "sha512-ERQ4/ogzbFvHjpyHcnruc8bnryvDvUoiWi6vczfQ4M/idJc+Kg5VSEJiF5k7946rIZGamG6QWgRxtpIglD4/Zw==",
      "cpu": [
        "x64"
      ],
      "dev": true,
      "license": "MIT",
      "optional": true,
      "os": [
        "win32"
      ]
    },
    "node_modules/@vue/reactivity": {
      "version": "3.1.5",
      "resolved": "https://registry.npmjs.org/@vue/reactivity/-/reactivity-3.1.5.tgz",
      "integrity": "sha512-1tdfLmNjWG6t/CsPldh+foumYFo3cpyCHgBYQ34ylaMsJ+SNHQ1kApMIa8jN+i593zQuaw3AdWH0nJTARzCFhg==",
      "dev": true,
      "license": "MIT",
      "dependencies": {
        "@vue/shared": "3.1.5"
      }
    },
    "node_modules/@vue/shared": {
      "version": "3.1.5",
      "resolved": "https://registry.npmjs.org/@vue/shared/-/shared-3.1.5.tgz",
      "integrity": "sha512-oJ4F3TnvpXaQwZJNF3ZK+kLPHKarDmJjJ6jyzVNDKH9md1dptjC7lWR//jrGuLdek/U6iltWxqAnYOu8gCiOvA==",
      "dev": true,
      "license": "MIT"
    },
    "node_modules/alpinejs": {
      "version": "3.14.1",
      "resolved": "https://registry.npmjs.org/alpinejs/-/alpinejs-3.14.1.tgz",
      "integrity": "sha512-ICar8UsnRZAYvv/fCNfNeKMXNoXGUfwHrjx7LqXd08zIP95G2d9bAOuaL97re+1mgt/HojqHsfdOLo/A5LuWgQ==",
      "dev": true,
      "license": "MIT",
      "dependencies": {
        "@vue/reactivity": "~3.1.1"
      }
    },
    "node_modules/bun": {
      "version": "1.1.30",
      "resolved": "https://registry.npmjs.org/bun/-/bun-1.1.30.tgz",
      "integrity": "sha512-ysRL1pq10Xba0jqVLPrKU3YIv0ohfp3cTajCPtpjCyppbn3lfiAVNpGoHfyaxS17OlPmWmR67UZRPw/EueQuug==",
      "cpu": [
        "arm64",
        "x64"
      ],
      "dev": true,
      "hasInstallScript": true,
      "license": "MIT",
      "os": [
        "darwin",
        "linux",
        "win32"
      ],
      "bin": {
        "bun": "bin/bun.exe",
        "bunx": "bin/bun.exe"
      },
      "optionalDependencies": {
        "@oven/bun-darwin-aarch64": "1.1.30",
        "@oven/bun-darwin-x64": "1.1.30",
        "@oven/bun-darwin-x64-baseline": "1.1.30",
        "@oven/bun-linux-aarch64": "1.1.30",
        "@oven/bun-linux-x64": "1.1.30",
        "@oven/bun-linux-x64-baseline": "1.1.30",
        "@oven/bun-windows-x64": "1.1.30",
        "@oven/bun-windows-x64-baseline": "1.1.30"
      }
    },
    "node_modules/lodash": {
      "version": "4.17.21",
      "resolved": "https://registry.npmjs.org/lodash/-/lodash-4.17.21.tgz",
      "integrity": "sha512-v2kDEe57lecTulaDIuNTPy3Ry4gLGJ6Z1O3vE1krgXZNrsQ+LFTGHVxVjcXPs17LhbZVGedAJv8XZ1tvj5FvSg==",
      "dev": true,
      "license": "MIT"
    }
  }
}
