{
  "name": "workbench",
  "lockfileVersion": 3,
  "requires": true,
  "packages": {
    "": {
      "devDependencies": {
        "@alpinejs/persist": "^3.13.3",
        "alpinejs": "^3.13.3",
        "bun": "^1.0.33",
        "lodash": "^4.17.21"
      }
    },
    "node_modules/@alpinejs/persist": {
      "version": "3.13.5",
      "resolved": "https://registry.npmjs.org/@alpinejs/persist/-/persist-3.13.5.tgz",
      "integrity": "sha512-nmULi5Kp/v5/h4FtGpqyzzMPlulc2fmQ+Olhk0NwTcBKSCZDg6OtXgS998rnHpcWO0jsjCmvXn/Pul2av7D8lA==",
      "dev": true
    },
    "node_modules/@oven/bun-darwin-aarch64": {
      "version": "1.0.33",
      "resolved": "https://registry.npmjs.org/@oven/bun-darwin-aarch64/-/bun-darwin-aarch64-1.0.33.tgz",
      "integrity": "sha512-Hd7ZxKETiDB3CQi4JzetyIPRLYyxmW5OTO/hTPVnpIoaRYwAEF2ymxiTQGTxlp88lStcuECyOBbaNuGvrww0kA==",
      "cpu": [
        "arm64"
      ],
      "dev": true,
      "optional": true,
      "os": [
        "darwin"
      ]
    },
    "node_modules/@oven/bun-darwin-x64": {
      "version": "1.0.33",
      "resolved": "https://registry.npmjs.org/@oven/bun-darwin-x64/-/bun-darwin-x64-1.0.33.tgz",
      "integrity": "sha512-X5AIltSEoS8c2Tmw49+yPLyJ0iPm1wwgktL0/GWwZllCFCR/kWH/C8wS8VYMIDh/84cSzuDepXVOMbse0TygNg==",
      "cpu": [
        "x64"
      ],
      "dev": true,
      "optional": true,
      "os": [
        "darwin"
      ]
    },
    "node_modules/@oven/bun-darwin-x64-baseline": {
      "version": "1.0.33",
      "resolved": "https://registry.npmjs.org/@oven/bun-darwin-x64-baseline/-/bun-darwin-x64-baseline-1.0.33.tgz",
      "integrity": "sha512-Jf1zVsyleXgJAnvr1jOi/dY+bs6eZ5RV6MGucBK/YOSmdDrrh2xTgjM1qABfTO4DnzDgWHigNSUwI+EpQqroFA==",
      "cpu": [
        "x64"
      ],
      "dev": true,
      "optional": true,
      "os": [
        "darwin"
      ]
    },
    "node_modules/@oven/bun-linux-aarch64": {
      "version": "1.0.33",
      "resolved": "https://registry.npmjs.org/@oven/bun-linux-aarch64/-/bun-linux-aarch64-1.0.33.tgz",
      "integrity": "sha512-EfbW2qi2vOt/4AgLc/H/SCa1l5rwr7KEnZj1IAuiwRkR91SPAdKi8xcxmYq8S37clGhKfENaWiLuT9KCScO3gQ==",
      "cpu": [
        "arm64"
      ],
      "dev": true,
      "optional": true,
      "os": [
        "linux"
      ]
    },
    "node_modules/@oven/bun-linux-x64": {
      "version": "1.0.33",
      "resolved": "https://registry.npmjs.org/@oven/bun-linux-x64/-/bun-linux-x64-1.0.33.tgz",
      "integrity": "sha512-336/bqGulWgvzQWPd0Mq6l12w0JX/+ptsNTHMuizj/bhbx8JuKOmXjbNowGRNv6wGOXERmadxe3PAChQqtq4qQ==",
      "cpu": [
        "x64"
      ],
      "dev": true,
      "optional": true,
      "os": [
        "linux"
      ]
    },
    "node_modules/@oven/bun-linux-x64-baseline": {
      "version": "1.0.33",
      "resolved": "https://registry.npmjs.org/@oven/bun-linux-x64-baseline/-/bun-linux-x64-baseline-1.0.33.tgz",
      "integrity": "sha512-OIT0Fjgki4FOPgxz1Jq6/0MmDO5W+IXG8uhOc1+m6Qf77C6VlNPxD3cuXwWqFKa0Fvza/mJEsw+TUb0H5Z61aQ==",
      "cpu": [
        "x64"
      ],
      "dev": true,
      "optional": true,
      "os": [
        "linux"
      ]
    },
    "node_modules/@vue/reactivity": {
      "version": "3.1.5",
      "resolved": "https://registry.npmjs.org/@vue/reactivity/-/reactivity-3.1.5.tgz",
      "integrity": "sha512-1tdfLmNjWG6t/CsPldh+foumYFo3cpyCHgBYQ34ylaMsJ+SNHQ1kApMIa8jN+i593zQuaw3AdWH0nJTARzCFhg==",
      "dev": true,
      "dependencies": {
        "@vue/shared": "3.1.5"
      }
    },
    "node_modules/@vue/shared": {
      "version": "3.1.5",
      "resolved": "https://registry.npmjs.org/@vue/shared/-/shared-3.1.5.tgz",
      "integrity": "sha512-oJ4F3TnvpXaQwZJNF3ZK+kLPHKarDmJjJ6jyzVNDKH9md1dptjC7lWR//jrGuLdek/U6iltWxqAnYOu8gCiOvA==",
      "dev": true
    },
    "node_modules/alpinejs": {
      "version": "3.13.5",
      "resolved": "https://registry.npmjs.org/alpinejs/-/alpinejs-3.13.5.tgz",
      "integrity": "sha512-1d2XeNGN+Zn7j4mUAKXtAgdc4/rLeadyTMWeJGXF5DzwawPBxwTiBhFFm6w/Ei8eJxUZeyNWWSD9zknfdz1kEw==",
      "dev": true,
      "dependencies": {
        "@vue/reactivity": "~3.1.1"
      }
    },
    "node_modules/bun": {
      "version": "1.0.33",
      "resolved": "https://registry.npmjs.org/bun/-/bun-1.0.33.tgz",
      "integrity": "sha512-WTh8AST6fKRwnbVjQYxvYYeh1Q1PiDD/XdlV/qnkv6RRsLZodSZ3PWttya9PiUOLymBaCWP16PpfptGhFrpoQQ==",
      "cpu": [
        "arm64",
        "x64"
      ],
      "dev": true,
      "hasInstallScript": true,
      "os": [
        "darwin",
        "linux"
      ],
      "bin": {
        "bun": "bin/bun",
        "bunx": "bin/bun"
      },
      "optionalDependencies": {
        "@oven/bun-darwin-aarch64": "1.0.33",
        "@oven/bun-darwin-x64": "1.0.33",
        "@oven/bun-darwin-x64-baseline": "1.0.33",
        "@oven/bun-linux-aarch64": "1.0.33",
        "@oven/bun-linux-x64": "1.0.33",
        "@oven/bun-linux-x64-baseline": "1.0.33"
      }
    },
    "node_modules/lodash": {
      "version": "4.17.21",
      "resolved": "https://registry.npmjs.org/lodash/-/lodash-4.17.21.tgz",
      "integrity": "sha512-v2kDEe57lecTulaDIuNTPy3Ry4gLGJ6Z1O3vE1krgXZNrsQ+LFTGHVxVjcXPs17LhbZVGedAJv8XZ1tvj5FvSg==",
      "dev": true
    }
  }
}
